<?xml version="1.0" encoding="utf-8"?>
<Project ToolsVersion="4.0" xmlns="http://schemas.microsoft.com/developer/msbuild/2003">
  <ItemGroup>
    <Filter Include="Source Files">
      <UniqueIdentifier>{204d464c-bd03-4c6b-a8e1-a5a9bd828703}</UniqueIdentifier>
      <Extensions>c;cpp</Extensions>
    </Filter>
    <Filter Include="Header Files">
      <UniqueIdentifier>{59fc6964-6a80-4cb7-b58b-7ff65c0b7d26}</UniqueIdentifier>
    </Filter>
  </ItemGroup>
  <ItemGroup>
    <ClCompile Include="Ball.cpp">
      <Filter>Source Files</Filter>
    </ClCompile>
    <ClCompile Include="BallGr.cpp">
      <Filter>Source Files</Filter>
    </ClCompile>
    <ClCompile Include="BoardGraphics.cpp">
      <Filter>Source Files</Filter>
    </ClCompile>
    <ClCompile Include="DataRecord.cpp">
      <Filter>Source Files</Filter>
    </ClCompile>
    <ClCompile Include="Graphics.cpp">
      <Filter>Source Files</Filter>
    </ClCompile>
    <ClCompile Include="GraphicsController.cpp">
      <Filter>Source Files</Filter>
    </ClCompile>
    <ClCompile Include="Haptic.cpp">
      <Filter>Source Files</Filter>
    </ClCompile>
    <ClCompile Include="HapticInterfacePoint.cpp">
      <Filter>Source Files</Filter>
    </ClCompile>
    <ClCompile Include="hIPgraphics.cpp">
      <Filter>Source Files</Filter>
    </ClCompile>
    <ClCompile Include="Obstacle.cpp">
      <Filter>Source Files</Filter>
    </ClCompile>
    <ClCompile Include="ObstacleGraphics.cpp">
      <Filter>Source Files</Filter>
    </ClCompile>
    <ClCompile Include="Target.cpp">
      <Filter>Source Files</Filter>
    </ClCompile>
    <ClCompile Include="TargetGraphics.cpp">
      <Filter>Source Files</Filter>
    </ClCompile>
  </ItemGroup>
  <ItemGroup>
    <ClInclude Include="Ball.h">
      <Filter>Header Files</Filter>
    </ClInclude>
    <ClInclude Include="BallGr.h">
      <Filter>Header Files</Filter>
    </ClInclude>
    <ClInclude Include="BgTimer.h">
      <Filter>Header Files</Filter>
    </ClInclude>
    <ClInclude Include="BoardGraphics.h">
      <Filter>Header Files</Filter>
    </ClInclude>
    <ClInclude Include="DataRecord.h">
      <Filter>Header Files</Filter>
    </ClInclude>
    <ClInclude Include="GraphicsController.h">
      <Filter>Header Files</Filter>
    </ClInclude>
    <ClInclude Include="HapticCallBack.h">
      <Filter>Header Files</Filter>
    </ClInclude>
    <ClInclude Include="HapticInterfacePoint.h">
      <Filter>Header Files</Filter>
    </ClInclude>
    <ClInclude Include="hIPgraphics.h">
      <Filter>Header Files</Filter>
    </ClInclude>
    <ClInclude Include="MathCB.h">
      <Filter>Header Files</Filter>
    </ClInclude>
    <ClInclude Include="Obstacle.h">
      <Filter>Header Files</Filter>
    </ClInclude>
    <ClInclude Include="ObstacleGraphics.h">
      <Filter>Header Files</Filter>
    </ClInclude>
    <ClInclude Include="Public.h">
      <Filter>Header Files</Filter>
    </ClInclude>
    <ClInclude Include="SoundPlayerThread.h">
      <Filter>Header Files</Filter>
    </ClInclude>
    <ClInclude Include="Target.h">
      <Filter>Header Files</Filter>
    </ClInclude>
    <ClInclude Include="TargetGraphics.h">
      <Filter>Header Files</Filter>
    </ClInclude>
  </ItemGroup>
</Project>