<?xml version="1.0" encoding="utf-8"?>
<Project ToolsVersion="4.0" xmlns="http://schemas.microsoft.com/developer/msbuild/2003">
  <ItemGroup>
    <Filter Include="Source Files">
      <UniqueIdentifier>{e2538266-b852-4eb9-87c5-fc5cacb151db}</UniqueIdentifier>
      <Extensions>c;cpp</Extensions>
    </Filter>
    <Filter Include="Header Files">
      <UniqueIdentifier>{6ed1dfc6-9041-412c-932e-3ea8353da77b}</UniqueIdentifier>
    </Filter>
  </ItemGroup>
  <ItemGroup>
    <ClCompile Include="Ball.cpp">
      <Filter>Source Files</Filter>
    </ClCompile>
    <ClCompile Include="BallGr.cpp">
      <Filter>Source Files</Filter>
    </ClCompile>
    <ClCompile Include="BallGr2.cpp">
      <Filter>Source Files</Filter>
    </ClCompile>
    <ClCompile Include="BoardGraphics.cpp">
      <Filter>Source Files</Filter>
    </ClCompile>
    <ClCompile Include="DataRecord.cpp">
      <Filter>Source Files</Filter>
    </ClCompile>
    <ClCompile Include="force_vector.cpp">
      <Filter>Source Files</Filter>
    </ClCompile>
    <ClCompile Include="Graphics.cpp">
      <Filter>Source Files</Filter>
    </ClCompile>
    <ClCompile Include="GraphicsController.cpp">
      <Filter>Source Files</Filter>
    </ClCompile>
    <ClCompile Include="Haptic.cpp">
      <Filter>Source Files</Filter>
    </ClCompile>
    <ClCompile Include="HapticInterfacePoint.cpp">
      <Filter>Source Files</Filter>
    </ClCompile>
    <ClCompile Include="HIPgraphics.cpp">
      <Filter>Source Files</Filter>
    </ClCompile>
    <ClCompile Include="spring.cpp">
      <Filter>Source Files</Filter>
    </ClCompile>
    <ClCompile Include="wall.cpp">
      <Filter>Source Files</Filter>
    </ClCompile>
  </ItemGroup>
  <ItemGroup>
    <ClInclude Include="Ball.h">
      <Filter>Header Files</Filter>
    </ClInclude>
    <ClInclude Include="BallGr.h">
      <Filter>Header Files</Filter>
    </ClInclude>
    <ClInclude Include="BallGr2.h">
      <Filter>Header Files</Filter>
    </ClInclude>
    <ClInclude Include="BgTimer.h">
      <Filter>Header Files</Filter>
    </ClInclude>
    <ClInclude Include="BoardGraphics.h">
      <Filter>Header Files</Filter>
    </ClInclude>
    <ClInclude Include="DataRecord.h">
      <Filter>Header Files</Filter>
    </ClInclude>
    <ClInclude Include="force_vector.h">
      <Filter>Header Files</Filter>
    </ClInclude>
    <ClInclude Include="GraphicsController.h">
      <Filter>Header Files</Filter>
    </ClInclude>
    <ClInclude Include="HapticCallBack.h">
      <Filter>Header Files</Filter>
    </ClInclude>
    <ClInclude Include="HapticInterfacePoint.h">
      <Filter>Header Files</Filter>
    </ClInclude>
    <ClInclude Include="HIPgraphics.h">
      <Filter>Header Files</Filter>
    </ClInclude>
    <ClInclude Include="MathCB.h">
      <Filter>Header Files</Filter>
    </ClInclude>
    <ClInclude Include="Public.h">
      <Filter>Header Files</Filter>
    </ClInclude>
    <ClInclude Include="SoundPlayerThread.h">
      <Filter>Header Files</Filter>
    </ClInclude>
    <ClInclude Include="spring.h">
      <Filter>Header Files</Filter>
    </ClInclude>
    <ClInclude Include="wall.h">
      <Filter>Header Files</Filter>
    </ClInclude>
  </ItemGroup>
</Project>